// !$*UTF8*$!
{
	archiveVersion = 1;
	classes = {
	};
	objectVersion = 56;
	objects = {

/* Begin PBXBuildFile section */
		EC3D10962B46BC2A002C8D40 /* AppDelegate.swift in Sources */ = {isa = PBXBuildFile; fileRef = EC3D10952B46BC2A002C8D40 /* AppDelegate.swift */; };
		EC3D10982B46BC2A002C8D40 /* SceneDelegate.swift in Sources */ = {isa = PBXBuildFile; fileRef = EC3D10972B46BC2A002C8D40 /* SceneDelegate.swift */; };
		EC3D109D2B46BC2A002C8D40 /* Main.storyboard in Resources */ = {isa = PBXBuildFile; fileRef = EC3D109B2B46BC2A002C8D40 /* Main.storyboard */; };
		EC3D109F2B46BC2C002C8D40 /* Assets.xcassets in Resources */ = {isa = PBXBuildFile; fileRef = EC3D109E2B46BC2C002C8D40 /* Assets.xcassets */; };
		EC3D10A22B46BC2C002C8D40 /* LaunchScreen.storyboard in Resources */ = {isa = PBXBuildFile; fileRef = EC3D10A02B46BC2C002C8D40 /* LaunchScreen.storyboard */; };
		EC3D10AB2B46BCB5002C8D40 /* HomeVc.swift in Sources */ = {isa = PBXBuildFile; fileRef = EC3D10AA2B46BCB5002C8D40 /* HomeVc.swift */; };
		EC3D10B02B46E370002C8D40 /* SplashVc.swift in Sources */ = {isa = PBXBuildFile; fileRef = EC3D10AF2B46E370002C8D40 /* SplashVc.swift */; };
		EC3D10B42B46EDDA002C8D40 /* RobotoSlab-VariableFont_wght.ttf in Resources */ = {isa = PBXBuildFile; fileRef = EC3D10B32B46EDD9002C8D40 /* RobotoSlab-VariableFont_wght.ttf */; };
		EC3D10B62B473296002C8D40 /* CategoryData.swift in Sources */ = {isa = PBXBuildFile; fileRef = EC3D10B52B473296002C8D40 /* CategoryData.swift */; };
		EC4FAA972B4D2BD40068BA88 /* CollectibleCvCell.swift in Sources */ = {isa = PBXBuildFile; fileRef = EC4FAA952B4D2BD40068BA88 /* CollectibleCvCell.swift */; };
		EC4FAA982B4D2BD40068BA88 /* CollectibleCvCell.xib in Resources */ = {isa = PBXBuildFile; fileRef = EC4FAA962B4D2BD40068BA88 /* CollectibleCvCell.xib */; };
		EC4FAA9E2B4D58210068BA88 /* OpenSans-SemiBold.ttf in Resources */ = {isa = PBXBuildFile; fileRef = EC4FAA992B4D58210068BA88 /* OpenSans-SemiBold.ttf */; };
		EC4FAA9F2B4D58210068BA88 /* OpenSans-Light.ttf in Resources */ = {isa = PBXBuildFile; fileRef = EC4FAA9A2B4D58210068BA88 /* OpenSans-Light.ttf */; };
		EC4FAAA02B4D58210068BA88 /* OpenSans-Medium.ttf in Resources */ = {isa = PBXBuildFile; fileRef = EC4FAA9B2B4D58210068BA88 /* OpenSans-Medium.ttf */; };
		EC4FAAA12B4D58210068BA88 /* OpenSans-Bold.ttf in Resources */ = {isa = PBXBuildFile; fileRef = EC4FAA9C2B4D58210068BA88 /* OpenSans-Bold.ttf */; };
		EC4FAAA22B4D58210068BA88 /* OpenSans-Regular.ttf in Resources */ = {isa = PBXBuildFile; fileRef = EC4FAA9D2B4D58210068BA88 /* OpenSans-Regular.ttf */; };
		EC810C632B47CFD300CF9EED /* CollectionVc.swift in Sources */ = {isa = PBXBuildFile; fileRef = EC810C612B47CFD300CF9EED /* CollectionVc.swift */; };
		EC810C642B47CFD300CF9EED /* CollectionVc.xib in Resources */ = {isa = PBXBuildFile; fileRef = EC810C622B47CFD300CF9EED /* CollectionVc.xib */; };
		EC810C6E2B49E12C00CF9EED /* FIlterData.swift in Sources */ = {isa = PBXBuildFile; fileRef = EC810C6D2B49E12C00CF9EED /* FIlterData.swift */; };
		EC810C702B49E42E00CF9EED /* FilterTableCell.swift in Sources */ = {isa = PBXBuildFile; fileRef = EC810C6F2B49E42E00CF9EED /* FilterTableCell.swift */; };
		EC810C782B4AA02100CF9EED /* CollectibleTBCell.swift in Sources */ = {isa = PBXBuildFile; fileRef = EC810C762B4AA02100CF9EED /* CollectibleTBCell.swift */; };
		EC810C792B4AA02100CF9EED /* CollectibleTBCell.xib in Resources */ = {isa = PBXBuildFile; fileRef = EC810C772B4AA02100CF9EED /* CollectibleTBCell.xib */; };
/* End PBXBuildFile section */

/* Begin PBXFileReference section */
		EC3D10922B46BC2A002C8D40 /* PennyMead.app */ = {isa = PBXFileReference; explicitFileType = wrapper.application; includeInIndex = 0; path = PennyMead.app; sourceTree = BUILT_PRODUCTS_DIR; };
		EC3D10952B46BC2A002C8D40 /* AppDelegate.swift */ = {isa = PBXFileReference; lastKnownFileType = sourcecode.swift; path = AppDelegate.swift; sourceTree = "<group>"; };
		EC3D10972B46BC2A002C8D40 /* SceneDelegate.swift */ = {isa = PBXFileReference; lastKnownFileType = sourcecode.swift; path = SceneDelegate.swift; sourceTree = "<group>"; };
		EC3D109C2B46BC2A002C8D40 /* Base */ = {isa = PBXFileReference; lastKnownFileType = file.storyboard; name = Base; path = Base.lproj/Main.storyboard; sourceTree = "<group>"; };
		EC3D109E2B46BC2C002C8D40 /* Assets.xcassets */ = {isa = PBXFileReference; lastKnownFileType = folder.assetcatalog; path = Assets.xcassets; sourceTree = "<group>"; };
		EC3D10A12B46BC2C002C8D40 /* Base */ = {isa = PBXFileReference; lastKnownFileType = file.storyboard; name = Base; path = Base.lproj/LaunchScreen.storyboard; sourceTree = "<group>"; };
		EC3D10A32B46BC2C002C8D40 /* Info.plist */ = {isa = PBXFileReference; lastKnownFileType = text.plist.xml; path = Info.plist; sourceTree = "<group>"; };
		EC3D10AA2B46BCB5002C8D40 /* HomeVc.swift */ = {isa = PBXFileReference; lastKnownFileType = sourcecode.swift; path = HomeVc.swift; sourceTree = "<group>"; };
		EC3D10AF2B46E370002C8D40 /* SplashVc.swift */ = {isa = PBXFileReference; lastKnownFileType = sourcecode.swift; path = SplashVc.swift; sourceTree = "<group>"; };
		EC3D10B32B46EDD9002C8D40 /* RobotoSlab-VariableFont_wght.ttf */ = {isa = PBXFileReference; lastKnownFileType = file; path = "RobotoSlab-VariableFont_wght.ttf"; sourceTree = "<group>"; };
		EC3D10B52B473296002C8D40 /* CategoryData.swift */ = {isa = PBXFileReference; lastKnownFileType = sourcecode.swift; path = CategoryData.swift; sourceTree = "<group>"; };
		EC4FAA952B4D2BD40068BA88 /* CollectibleCvCell.swift */ = {isa = PBXFileReference; lastKnownFileType = sourcecode.swift; path = CollectibleCvCell.swift; sourceTree = "<group>"; };
		EC4FAA962B4D2BD40068BA88 /* CollectibleCvCell.xib */ = {isa = PBXFileReference; lastKnownFileType = file.xib; path = CollectibleCvCell.xib; sourceTree = "<group>"; };
		EC4FAA992B4D58210068BA88 /* OpenSans-SemiBold.ttf */ = {isa = PBXFileReference; lastKnownFileType = file; path = "OpenSans-SemiBold.ttf"; sourceTree = "<group>"; };
		EC4FAA9A2B4D58210068BA88 /* OpenSans-Light.ttf */ = {isa = PBXFileReference; lastKnownFileType = file; path = "OpenSans-Light.ttf"; sourceTree = "<group>"; };
		EC4FAA9B2B4D58210068BA88 /* OpenSans-Medium.ttf */ = {isa = PBXFileReference; lastKnownFileType = file; path = "OpenSans-Medium.ttf"; sourceTree = "<group>"; };
		EC4FAA9C2B4D58210068BA88 /* OpenSans-Bold.ttf */ = {isa = PBXFileReference; lastKnownFileType = file; path = "OpenSans-Bold.ttf"; sourceTree = "<group>"; };
		EC4FAA9D2B4D58210068BA88 /* OpenSans-Regular.ttf */ = {isa = PBXFileReference; lastKnownFileType = file; path = "OpenSans-Regular.ttf"; sourceTree = "<group>"; };
		EC810C612B47CFD300CF9EED /* CollectionVc.swift */ = {isa = PBXFileReference; lastKnownFileType = sourcecode.swift; path = CollectionVc.swift; sourceTree = "<group>"; };
		EC810C622B47CFD300CF9EED /* CollectionVc.xib */ = {isa = PBXFileReference; lastKnownFileType = file.xib; path = CollectionVc.xib; sourceTree = "<group>"; };
		EC810C6D2B49E12C00CF9EED /* FIlterData.swift */ = {isa = PBXFileReference; lastKnownFileType = sourcecode.swift; path = FIlterData.swift; sourceTree = "<group>"; };
		EC810C6F2B49E42E00CF9EED /* FilterTableCell.swift */ = {isa = PBXFileReference; lastKnownFileType = sourcecode.swift; path = FilterTableCell.swift; sourceTree = "<group>"; };
		EC810C762B4AA02100CF9EED /* CollectibleTBCell.swift */ = {isa = PBXFileReference; lastKnownFileType = sourcecode.swift; path = CollectibleTBCell.swift; sourceTree = "<group>"; };
		EC810C772B4AA02100CF9EED /* CollectibleTBCell.xib */ = {isa = PBXFileReference; lastKnownFileType = file.xib; path = CollectibleTBCell.xib; sourceTree = "<group>"; };
/* End PBXFileReference section */

/* Begin PBXFrameworksBuildPhase section */
		EC3D108F2B46BC2A002C8D40 /* Frameworks */ = {
			isa = PBXFrameworksBuildPhase;
			buildActionMask = 2147483647;
			files = (
			);
			runOnlyForDeploymentPostprocessing = 0;
		};
/* End PBXFrameworksBuildPhase section */

/* Begin PBXGroup section */
		EC3D10892B46BC2A002C8D40 = {
			isa = PBXGroup;
			children = (
				EC3D10942B46BC2A002C8D40 /* PennyMead */,
				EC3D10932B46BC2A002C8D40 /* Products */,
			);
			sourceTree = "<group>";
		};
		EC3D10932B46BC2A002C8D40 /* Products */ = {
			isa = PBXGroup;
			children = (
				EC3D10922B46BC2A002C8D40 /* PennyMead.app */,
			);
			name = Products;
			sourceTree = "<group>";
		};
		EC3D10942B46BC2A002C8D40 /* PennyMead */ = {
			isa = PBXGroup;
			children = (
				EC3D10B12B46ED16002C8D40 /* utils */,
				EC3D10AC2B46BF1C002C8D40 /* Modal */,
				EC3D10AD2B46BF34002C8D40 /* View */,
				EC3D10AE2B46BF3C002C8D40 /* Controller */,
				EC3D10952B46BC2A002C8D40 /* AppDelegate.swift */,
				EC3D10972B46BC2A002C8D40 /* SceneDelegate.swift */,
				EC3D109E2B46BC2C002C8D40 /* Assets.xcassets */,
				EC3D10A02B46BC2C002C8D40 /* LaunchScreen.storyboard */,
				EC3D10A32B46BC2C002C8D40 /* Info.plist */,
			);
			path = PennyMead;
			sourceTree = "<group>";
		};
		EC3D10AC2B46BF1C002C8D40 /* Modal */ = {
			isa = PBXGroup;
			children = (
				EC810C712B4A8E6D00CF9EED /* tableCell */,
				EC3D10B52B473296002C8D40 /* CategoryData.swift */,
				EC810C6D2B49E12C00CF9EED /* FIlterData.swift */,
				EC810C6F2B49E42E00CF9EED /* FilterTableCell.swift */,
				EC810C602B47CF8000CF9EED /* collectionCell */,
			);
			path = Modal;
			sourceTree = "<group>";
		};
		EC3D10AD2B46BF34002C8D40 /* View */ = {
			isa = PBXGroup;
			children = (
				EC3D109B2B46BC2A002C8D40 /* Main.storyboard */,
			);
			path = View;
			sourceTree = "<group>";
		};
		EC3D10AE2B46BF3C002C8D40 /* Controller */ = {
			isa = PBXGroup;
			children = (
				EC3D10AA2B46BCB5002C8D40 /* HomeVc.swift */,
				EC3D10AF2B46E370002C8D40 /* SplashVc.swift */,
			);
			path = Controller;
			sourceTree = "<group>";
		};
		EC3D10B12B46ED16002C8D40 /* utils */ = {
			isa = PBXGroup;
			children = (
				EC3D10B22B46ED20002C8D40 /* fonts */,
			);
			path = utils;
			sourceTree = "<group>";
		};
		EC3D10B22B46ED20002C8D40 /* fonts */ = {
			isa = PBXGroup;
			children = (
				EC3D10B32B46EDD9002C8D40 /* RobotoSlab-VariableFont_wght.ttf */,
				EC4FAA9C2B4D58210068BA88 /* OpenSans-Bold.ttf */,
				EC4FAA9A2B4D58210068BA88 /* OpenSans-Light.ttf */,
				EC4FAA9B2B4D58210068BA88 /* OpenSans-Medium.ttf */,
				EC4FAA9D2B4D58210068BA88 /* OpenSans-Regular.ttf */,
				EC4FAA992B4D58210068BA88 /* OpenSans-SemiBold.ttf */,
			);
			path = fonts;
			sourceTree = "<group>";
		};
		EC810C602B47CF8000CF9EED /* collectionCell */ = {
			isa = PBXGroup;
			children = (
				EC810C612B47CFD300CF9EED /* CollectionVc.swift */,
				EC810C622B47CFD300CF9EED /* CollectionVc.xib */,
				EC4FAA952B4D2BD40068BA88 /* CollectibleCvCell.swift */,
				EC4FAA962B4D2BD40068BA88 /* CollectibleCvCell.xib */,
			);
			path = collectionCell;
			sourceTree = "<group>";
		};
		EC810C712B4A8E6D00CF9EED /* tableCell */ = {
			isa = PBXGroup;
			children = (
				EC810C762B4AA02100CF9EED /* CollectibleTBCell.swift */,
				EC810C772B4AA02100CF9EED /* CollectibleTBCell.xib */,
			);
			path = tableCell;
			sourceTree = "<group>";
		};
/* End PBXGroup section */

/* Begin PBXNativeTarget section */
		EC3D10912B46BC2A002C8D40 /* PennyMead */ = {
			isa = PBXNativeTarget;
			buildConfigurationList = EC3D10A62B46BC2C002C8D40 /* Build configuration list for PBXNativeTarget "PennyMead" */;
			buildPhases = (
				EC3D108E2B46BC2A002C8D40 /* Sources */,
				EC3D108F2B46BC2A002C8D40 /* Frameworks */,
				EC3D10902B46BC2A002C8D40 /* Resources */,
			);
			buildRules = (
			);
			dependencies = (
			);
			name = PennyMead;
			productName = PennyMead;
			productReference = EC3D10922B46BC2A002C8D40 /* PennyMead.app */;
			productType = "com.apple.product-type.application";
		};
/* End PBXNativeTarget section */

/* Begin PBXProject section */
		EC3D108A2B46BC2A002C8D40 /* Project object */ = {
			isa = PBXProject;
			attributes = {
				BuildIndependentTargetsInParallel = 1;
				LastSwiftUpdateCheck = 1400;
				LastUpgradeCheck = 1400;
				TargetAttributes = {
					EC3D10912B46BC2A002C8D40 = {
						CreatedOnToolsVersion = 14.0;
					};
				};
			};
			buildConfigurationList = EC3D108D2B46BC2A002C8D40 /* Build configuration list for PBXProject "PennyMead" */;
			compatibilityVersion = "Xcode 14.0";
			developmentRegion = en;
			hasScannedForEncodings = 0;
			knownRegions = (
				en,
				Base,
			);
			mainGroup = EC3D10892B46BC2A002C8D40;
			productRefGroup = EC3D10932B46BC2A002C8D40 /* Products */;
			projectDirPath = "";
			projectRoot = "";
			targets = (
				EC3D10912B46BC2A002C8D40 /* PennyMead */,
			);
		};
/* End PBXProject section */

/* Begin PBXResourcesBuildPhase section */
		EC3D10902B46BC2A002C8D40 /* Resources */ = {
			isa = PBXResourcesBuildPhase;
			buildActionMask = 2147483647;
			files = (
				EC4FAAA12B4D58210068BA88 /* OpenSans-Bold.ttf in Resources */,
				EC3D10B42B46EDDA002C8D40 /* RobotoSlab-VariableFont_wght.ttf in Resources */,
				EC3D10A22B46BC2C002C8D40 /* LaunchScreen.storyboard in Resources */,
				EC3D109F2B46BC2C002C8D40 /* Assets.xcassets in Resources */,
				EC3D109D2B46BC2A002C8D40 /* Main.storyboard in Resources */,
				EC4FAA9E2B4D58210068BA88 /* OpenSans-SemiBold.ttf in Resources */,
				EC4FAA982B4D2BD40068BA88 /* CollectibleCvCell.xib in Resources */,
				EC4FAA9F2B4D58210068BA88 /* OpenSans-Light.ttf in Resources */,
				EC810C792B4AA02100CF9EED /* CollectibleTBCell.xib in Resources */,
				EC4FAAA02B4D58210068BA88 /* OpenSans-Medium.ttf in Resources */,
				EC4FAAA22B4D58210068BA88 /* OpenSans-Regular.ttf in Resources */,
				EC810C642B47CFD300CF9EED /* CollectionVc.xib in Resources */,
			);
			runOnlyForDeploymentPostprocessing = 0;
		};
/* End PBXResourcesBuildPhase section */

/* Begin PBXSourcesBuildPhase section */
		EC3D108E2B46BC2A002C8D40 /* Sources */ = {
			isa = PBXSourcesBuildPhase;
			buildActionMask = 2147483647;
			files = (
				EC3D10AB2B46BCB5002C8D40 /* HomeVc.swift in Sources */,
				EC3D10B62B473296002C8D40 /* CategoryData.swift in Sources */,
				EC810C632B47CFD300CF9EED /* CollectionVc.swift in Sources */,
				EC810C782B4AA02100CF9EED /* CollectibleTBCell.swift in Sources */,
				EC3D10B02B46E370002C8D40 /* SplashVc.swift in Sources */,
				EC4FAA972B4D2BD40068BA88 /* CollectibleCvCell.swift in Sources */,
				EC810C6E2B49E12C00CF9EED /* FIlterData.swift in Sources */,
				EC3D10962B46BC2A002C8D40 /* AppDelegate.swift in Sources */,
				EC810C702B49E42E00CF9EED /* FilterTableCell.swift in Sources */,
				EC3D10982B46BC2A002C8D40 /* SceneDelegate.swift in Sources */,
			);
			runOnlyForDeploymentPostprocessing = 0;
		};
/* End PBXSourcesBuildPhase section */

/* Begin PBXVariantGroup section */
		EC3D109B2B46BC2A002C8D40 /* Main.storyboard */ = {
			isa = PBXVariantGroup;
			children = (
				EC3D109C2B46BC2A002C8D40 /* Base */,
			);
			name = Main.storyboard;
			sourceTree = "<group>";
		};
		EC3D10A02B46BC2C002C8D40 /* LaunchScreen.storyboard */ = {
			isa = PBXVariantGroup;
			children = (
				EC3D10A12B46BC2C002C8D40 /* Base */,
			);
			name = LaunchScreen.storyboard;
			sourceTree = "<group>";
		};
/* End PBXVariantGroup section */

/* Begin XCBuildConfiguration section */
		EC3D10A42B46BC2C002C8D40 /* Debug */ = {
			isa = XCBuildConfiguration;
			buildSettings = {
				ALWAYS_SEARCH_USER_PATHS = NO;
				CLANG_ANALYZER_NONNULL = YES;
				CLANG_ANALYZER_NUMBER_OBJECT_CONVERSION = YES_AGGRESSIVE;
				CLANG_CXX_LANGUAGE_STANDARD = "gnu++20";
				CLANG_ENABLE_MODULES = YES;
				CLANG_ENABLE_OBJC_ARC = YES;
				CLANG_ENABLE_OBJC_WEAK = YES;
				CLANG_WARN_BLOCK_CAPTURE_AUTORELEASING = YES;
				CLANG_WARN_BOOL_CONVERSION = YES;
				CLANG_WARN_COMMA = YES;
				CLANG_WARN_CONSTANT_CONVERSION = YES;
				CLANG_WARN_DEPRECATED_OBJC_IMPLEMENTATIONS = YES;
				CLANG_WARN_DIRECT_OBJC_ISA_USAGE = YES_ERROR;
				CLANG_WARN_DOCUMENTATION_COMMENTS = YES;
				CLANG_WARN_EMPTY_BODY = YES;
				CLANG_WARN_ENUM_CONVERSION = YES;
				CLANG_WARN_INFINITE_RECURSION = YES;
				CLANG_WARN_INT_CONVERSION = YES;
				CLANG_WARN_NON_LITERAL_NULL_CONVERSION = YES;
				CLANG_WARN_OBJC_IMPLICIT_RETAIN_SELF = YES;
				CLANG_WARN_OBJC_LITERAL_CONVERSION = YES;
				CLANG_WARN_OBJC_ROOT_CLASS = YES_ERROR;
				CLANG_WARN_QUOTED_INCLUDE_IN_FRAMEWORK_HEADER = YES;
				CLANG_WARN_RANGE_LOOP_ANALYSIS = YES;
				CLANG_WARN_STRICT_PROTOTYPES = YES;
				CLANG_WARN_SUSPICIOUS_MOVE = YES;
				CLANG_WARN_UNGUARDED_AVAILABILITY = YES_AGGRESSIVE;
				CLANG_WARN_UNREACHABLE_CODE = YES;
				CLANG_WARN__DUPLICATE_METHOD_MATCH = YES;
				COPY_PHASE_STRIP = NO;
				DEBUG_INFORMATION_FORMAT = dwarf;
				ENABLE_STRICT_OBJC_MSGSEND = YES;
				ENABLE_TESTABILITY = YES;
				GCC_C_LANGUAGE_STANDARD = gnu11;
				GCC_DYNAMIC_NO_PIC = NO;
				GCC_NO_COMMON_BLOCKS = YES;
				GCC_OPTIMIZATION_LEVEL = 0;
				GCC_PREPROCESSOR_DEFINITIONS = (
					"DEBUG=1",
					"$(inherited)",
				);
				GCC_WARN_64_TO_32_BIT_CONVERSION = YES;
				GCC_WARN_ABOUT_RETURN_TYPE = YES_ERROR;
				GCC_WARN_UNDECLARED_SELECTOR = YES;
				GCC_WARN_UNINITIALIZED_AUTOS = YES_AGGRESSIVE;
				GCC_WARN_UNUSED_FUNCTION = YES;
				GCC_WARN_UNUSED_VARIABLE = YES;
				IPHONEOS_DEPLOYMENT_TARGET = 16.0;
				MTL_ENABLE_DEBUG_INFO = INCLUDE_SOURCE;
				MTL_FAST_MATH = YES;
				ONLY_ACTIVE_ARCH = YES;
				SDKROOT = iphoneos;
				SWIFT_ACTIVE_COMPILATION_CONDITIONS = DEBUG;
				SWIFT_OPTIMIZATION_LEVEL = "-Onone";
			};
			name = Debug;
		};
		EC3D10A52B46BC2C002C8D40 /* Release */ = {
			isa = XCBuildConfiguration;
			buildSettings = {
				ALWAYS_SEARCH_USER_PATHS = NO;
				CLANG_ANALYZER_NONNULL = YES;
				CLANG_ANALYZER_NUMBER_OBJECT_CONVERSION = YES_AGGRESSIVE;
				CLANG_CXX_LANGUAGE_STANDARD = "gnu++20";
				CLANG_ENABLE_MODULES = YES;
				CLANG_ENABLE_OBJC_ARC = YES;
				CLANG_ENABLE_OBJC_WEAK = YES;
				CLANG_WARN_BLOCK_CAPTURE_AUTORELEASING = YES;
				CLANG_WARN_BOOL_CONVERSION = YES;
				CLANG_WARN_COMMA = YES;
				CLANG_WARN_CONSTANT_CONVERSION = YES;
				CLANG_WARN_DEPRECATED_OBJC_IMPLEMENTATIONS = YES;
				CLANG_WARN_DIRECT_OBJC_ISA_USAGE = YES_ERROR;
				CLANG_WARN_DOCUMENTATION_COMMENTS = YES;
				CLANG_WARN_EMPTY_BODY = YES;
				CLANG_WARN_ENUM_CONVERSION = YES;
				CLANG_WARN_INFINITE_RECURSION = YES;
				CLANG_WARN_INT_CONVERSION = YES;
				CLANG_WARN_NON_LITERAL_NULL_CONVERSION = YES;
				CLANG_WARN_OBJC_IMPLICIT_RETAIN_SELF = YES;
				CLANG_WARN_OBJC_LITERAL_CONVERSION = YES;
				CLANG_WARN_OBJC_ROOT_CLASS = YES_ERROR;
				CLANG_WARN_QUOTED_INCLUDE_IN_FRAMEWORK_HEADER = YES;
				CLANG_WARN_RANGE_LOOP_ANALYSIS = YES;
				CLANG_WARN_STRICT_PROTOTYPES = YES;
				CLANG_WARN_SUSPICIOUS_MOVE = YES;
				CLANG_WARN_UNGUARDED_AVAILABILITY = YES_AGGRESSIVE;
				CLANG_WARN_UNREACHABLE_CODE = YES;
				CLANG_WARN__DUPLICATE_METHOD_MATCH = YES;
				COPY_PHASE_STRIP = NO;
				DEBUG_INFORMATION_FORMAT = "dwarf-with-dsym";
				ENABLE_NS_ASSERTIONS = NO;
				ENABLE_STRICT_OBJC_MSGSEND = YES;
				GCC_C_LANGUAGE_STANDARD = gnu11;
				GCC_NO_COMMON_BLOCKS = YES;
				GCC_WARN_64_TO_32_BIT_CONVERSION = YES;
				GCC_WARN_ABOUT_RETURN_TYPE = YES_ERROR;
				GCC_WARN_UNDECLARED_SELECTOR = YES;
				GCC_WARN_UNINITIALIZED_AUTOS = YES_AGGRESSIVE;
				GCC_WARN_UNUSED_FUNCTION = YES;
				GCC_WARN_UNUSED_VARIABLE = YES;
				IPHONEOS_DEPLOYMENT_TARGET = 16.0;
				MTL_ENABLE_DEBUG_INFO = NO;
				MTL_FAST_MATH = YES;
				SDKROOT = iphoneos;
				SWIFT_COMPILATION_MODE = wholemodule;
				SWIFT_OPTIMIZATION_LEVEL = "-O";
				VALIDATE_PRODUCT = YES;
			};
			name = Release;
		};
		EC3D10A72B46BC2C002C8D40 /* Debug */ = {
			isa = XCBuildConfiguration;
			buildSettings = {
				ASSETCATALOG_COMPILER_APPICON_NAME = AppIcon;
				ASSETCATALOG_COMPILER_GLOBAL_ACCENT_COLOR_NAME = AccentColor;
				CODE_SIGN_STYLE = Automatic;
				CURRENT_PROJECT_VERSION = 1;
				DEVELOPMENT_TEAM = DG97VC8PLL;
				GENERATE_INFOPLIST_FILE = YES;
				INFOPLIST_FILE = PennyMead/Info.plist;
				INFOPLIST_KEY_UIApplicationSupportsIndirectInputEvents = YES;
				INFOPLIST_KEY_UILaunchStoryboardName = LaunchScreen.storyboard;
				INFOPLIST_KEY_UIMainStoryboardFile = Main;
				INFOPLIST_KEY_UIStatusBarStyle = "";
				INFOPLIST_KEY_UISupportedInterfaceOrientations_iPad = "UIInterfaceOrientationPortrait UIInterfaceOrientationPortraitUpsideDown UIInterfaceOrientationLandscapeLeft UIInterfaceOrientationLandscapeRight";
				INFOPLIST_KEY_UISupportedInterfaceOrientations_iPhone = "UIInterfaceOrientationPortrait UIInterfaceOrientationLandscapeLeft UIInterfaceOrientationLandscapeRight";
				LD_RUNPATH_SEARCH_PATHS = (
					"$(inherited)",
					"@executable_path/Frameworks",
				);
				MARKETING_VERSION = 1.0;
				PRODUCT_BUNDLE_IDENTIFIER = com.dollarbird.PennyMead;
				PRODUCT_NAME = "$(TARGET_NAME)";
				SWIFT_EMIT_LOC_STRINGS = YES;
				SWIFT_VERSION = 5.0;
				TARGETED_DEVICE_FAMILY = "1,2";
			};
			name = Debug;
		};
		EC3D10A82B46BC2C002C8D40 /* Release */ = {
			isa = XCBuildConfiguration;
			buildSettings = {
				ASSETCATALOG_COMPILER_APPICON_NAME = AppIcon;
				ASSETCATALOG_COMPILER_GLOBAL_ACCENT_COLOR_NAME = AccentColor;
				CODE_SIGN_STYLE = Automatic;
				CURRENT_PROJECT_VERSION = 1;
				DEVELOPMENT_TEAM = DG97VC8PLL;
				GENERATE_INFOPLIST_FILE = YES;
				INFOPLIST_FILE = PennyMead/Info.plist;
				INFOPLIST_KEY_UIApplicationSupportsIndirectInputEvents = YES;
				INFOPLIST_KEY_UILaunchStoryboardName = LaunchScreen.storyboard;
				INFOPLIST_KEY_UIMainStoryboardFile = Main;
				INFOPLIST_KEY_UIStatusBarStyle = "";
				INFOPLIST_KEY_UISupportedInterfaceOrientations_iPad = "UIInterfaceOrientationPortrait UIInterfaceOrientationPortraitUpsideDown UIInterfaceOrientationLandscapeLeft UIInterfaceOrientationLandscapeRight";
				INFOPLIST_KEY_UISupportedInterfaceOrientations_iPhone = "UIInterfaceOrientationPortrait UIInterfaceOrientationLandscapeLeft UIInterfaceOrientationLandscapeRight";
				LD_RUNPATH_SEARCH_PATHS = (
					"$(inherited)",
					"@executable_path/Frameworks",
				);
				MARKETING_VERSION = 1.0;
				PRODUCT_BUNDLE_IDENTIFIER = com.dollarbird.PennyMead;
				PRODUCT_NAME = "$(TARGET_NAME)";
				SWIFT_EMIT_LOC_STRINGS = YES;
				SWIFT_VERSION = 5.0;
				TARGETED_DEVICE_FAMILY = "1,2";
			};
			name = Release;
		};
/* End XCBuildConfiguration section */

/* Begin XCConfigurationList section */
		EC3D108D2B46BC2A002C8D40 /* Build configuration list for PBXProject "PennyMead" */ = {
			isa = XCConfigurationList;
			buildConfigurations = (
				EC3D10A42B46BC2C002C8D40 /* Debug */,
				EC3D10A52B46BC2C002C8D40 /* Release */,
			);
			defaultConfigurationIsVisible = 0;
			defaultConfigurationName = Release;
		};
		EC3D10A62B46BC2C002C8D40 /* Build configuration list for PBXNativeTarget "PennyMead" */ = {
			isa = XCConfigurationList;
			buildConfigurations = (
				EC3D10A72B46BC2C002C8D40 /* Debug */,
				EC3D10A82B46BC2C002C8D40 /* Release */,
			);
			defaultConfigurationIsVisible = 0;
			defaultConfigurationName = Release;
		};
/* End XCConfigurationList section */
	};
	rootObject = EC3D108A2B46BC2A002C8D40 /* Project object */;
}
